{
  "version": 4,
  "terraform_version": "1.14.4",
  "serial": 215,
  "lineage": "79b5062a-2cd9-6687-d4c7-2eb90b9bbeb4",
  "outputs": {
    "access_urls": {
      "value": {
        "app": "http://localhost",
        "grafana": "http://localhost:3000",
        "jenkins": "http://localhost:8080",
        "prometheus": "http://localhost:9090",
        "registry": "http://localhost:5000"
      },
      "type": [
        "object",
        {
          "app": "string",
          "grafana": "string",
          "jenkins": "string",
          "prometheus": "string",
          "registry": "string"
        }
      ]
    },
    "app_image_default": {
      "value": "consulta-medica:fix-mbstring",
      "type": "string"
    },
    "namespace": {
      "value": "consulta-medica",
      "type": "string"
    }
  },
  "resources": [
    {
      "mode": "managed",
      "type": "kubernetes_config_map",
      "name": "app_config",
      "provider": "provider[\"registry.terraform.io/hashicorp/kubernetes\"]",
      "instances": [
        {
          "schema_version": 0,
          "attributes": {
            "binary_data": null,
            "data": {
              "APP_BASE_PATH": "",
              "APP_ENV": "production",
              "APP_URL": "http://localhost",
              "DB_DATABASE": "consulta_medica",
              "DB_HOST": "mysql",
              "DB_PORT": "3306",
              "DB_USER": "consulta_app"
            },
            "id": "consulta-medica/app-config",
            "immutable": false,
            "metadata": [
              {
                "annotations": null,
                "generate_name": "",
                "generation": 0,
                "labels": null,
                "name": "app-config",
                "namespace": "consulta-medica",
                "resource_version": "1065",
                "uid": "ca3cbb38-39b2-4fb5-bdfa-eed68f1d83a8"
              }
            ]
          },
          "sensitive_attributes": [],
          "identity_schema_version": 1,
          "identity": {
            "api_version": "v1",
            "kind": "ConfigMap",
            "name": "app-config",
            "namespace": "consulta-medica"
          },
          "private": "bnVsbA==",
          "dependencies": [
            "kubernetes_namespace.consulta_medica"
          ]
        }
      ]
    },
    {
      "mode": "managed",
      "type": "kubernetes_config_map",
      "name": "grafana_datasource",
      "provider": "provider[\"registry.terraform.io/hashicorp/kubernetes\"]",
      "instances": [
        {
          "schema_version": 0,
          "attributes": {
            "binary_data": null,
            "data": {
              "prometheus.yaml": "apiVersion: 1\ndatasources:\n  - name: Prometheus\n    type: prometheus\n    access: proxy\n    url: http://prometheus:9090\n    isDefault: true\n"
            },
            "id": "consulta-medica/grafana-datasource",
            "immutable": false,
            "metadata": [
              {
                "annotations": null,
                "generate_name": "",
                "generation": 0,
                "labels": null,
                "name": "grafana-datasource",
                "namespace": "consulta-medica",
                "resource_version": "1063",
                "uid": "e41b6e7a-2572-4eed-ba9b-7bfa6e9cd083"
              }
            ]
          },
          "sensitive_attributes": [],
          "identity_schema_version": 1,
          "identity": {
            "api_version": "v1",
            "kind": "ConfigMap",
            "name": "grafana-datasource",
            "namespace": "consulta-medica"
          },
          "private": "bnVsbA==",
          "dependencies": [
            "kubernetes_namespace.consulta_medica"
          ]
        }
      ]
    },
    {
      "mode": "managed",
      "type": "kubernetes_config_map",
      "name": "mysql_init_sql",
      "provider": "provider[\"registry.terraform.io/hashicorp/kubernetes\"]",
      "instances": [
        {
          "schema_version": 0,
          "attributes": {
            "binary_data": null,
            "data": {
              "database.sql": "-- =====================================================\n-- Sistema de Atención Médica - Consulta Externa\n-- Base de Datos MySQL\n-- =====================================================\n\n-- Crear base de datos\nCREATE DATABASE IF NOT EXISTS consulta_medica \nCHARACTER SET utf8mb4 \nCOLLATE utf8mb4_unicode_ci;\n\nUSE consulta_medica;\n\n-- =====================================================\n-- Tabla de Usuarios (para autenticación)\n-- =====================================================\nCREATE TABLE IF NOT EXISTS usuarios (\n    id INT AUTO_INCREMENT PRIMARY KEY,\n    username VARCHAR(50) NOT NULL UNIQUE,\n    email VARCHAR(100) NOT NULL UNIQUE,\n    password VARCHAR(255) NOT NULL,\n    nombre_completo VARCHAR(150) NOT NULL,\n    rol ENUM('admin', 'medico', 'recepcionista') NOT NULL DEFAULT 'recepcionista',\n    activo TINYINT(1) NOT NULL DEFAULT 1,\n    ultimo_acceso DATETIME NULL,\n    token_recuperacion VARCHAR(100) NULL,\n    token_expiracion DATETIME NULL,\n    created_at TIMESTAMP DEFAULT CURRENT_TIMESTAMP,\n    updated_at TIMESTAMP DEFAULT CURRENT_TIMESTAMP ON UPDATE CURRENT_TIMESTAMP,\n    INDEX idx_username (username),\n    INDEX idx_email (email),\n    INDEX idx_rol (rol)\n) ENGINE=InnoDB;\n\n-- =====================================================\n-- Tabla de Pacientes\n-- =====================================================\nCREATE TABLE IF NOT EXISTS pacientes (\n    id INT AUTO_INCREMENT PRIMARY KEY,\n    numero_historia VARCHAR(20) NOT NULL UNIQUE,\n    tipo_documento ENUM('DNI', 'CE', 'Pasaporte', 'Otro') NOT NULL DEFAULT 'DNI',\n    numero_documento VARCHAR(20) NOT NULL UNIQUE,\n    nombres VARCHAR(100) NOT NULL,\n    apellido_paterno VARCHAR(50) NOT NULL,\n    apellido_materno VARCHAR(50) NULL,\n    fecha_nacimiento DATE NOT NULL,\n    sexo ENUM('M', 'F', 'Otro') NOT NULL,\n    estado_civil ENUM('Soltero', 'Casado', 'Divorciado', 'Viudo', 'Conviviente') NULL,\n    direccion VARCHAR(255) NULL,\n    telefono VARCHAR(20) NULL,\n    email VARCHAR(100) NULL,\n    grupo_sanguineo VARCHAR(5) NULL,\n    alergias TEXT NULL,\n    antecedentes TEXT NULL,\n    contacto_emergencia VARCHAR(100) NULL,\n    telefono_emergencia VARCHAR(20) NULL,\n    activo TINYINT(1) NOT NULL DEFAULT 1,\n    created_at TIMESTAMP DEFAULT CURRENT_TIMESTAMP,\n    updated_at TIMESTAMP DEFAULT CURRENT_TIMESTAMP ON UPDATE CURRENT_TIMESTAMP,\n    INDEX idx_numero_historia (numero_historia),\n    INDEX idx_documento (tipo_documento, numero_documento),\n    INDEX idx_nombres (nombres, apellido_paterno)\n) ENGINE=InnoDB;\n\n-- =====================================================\n-- Tabla de Especialidades Médicas\n-- =====================================================\nCREATE TABLE IF NOT EXISTS especialidades (\n    id INT AUTO_INCREMENT PRIMARY KEY,\n    nombre VARCHAR(100) NOT NULL UNIQUE,\n    descripcion TEXT NULL,\n    activo TINYINT(1) NOT NULL DEFAULT 1,\n    created_at TIMESTAMP DEFAULT CURRENT_TIMESTAMP,\n    updated_at TIMESTAMP DEFAULT CURRENT_TIMESTAMP ON UPDATE CURRENT_TIMESTAMP\n) ENGINE=InnoDB;\n\n-- =====================================================\n-- Tabla de Médicos\n-- =====================================================\nCREATE TABLE IF NOT EXISTS medicos (\n    id INT AUTO_INCREMENT PRIMARY KEY,\n    usuario_id INT NULL,\n    codigo_medico VARCHAR(20) NOT NULL UNIQUE,\n    numero_colegiatura VARCHAR(20) NOT NULL UNIQUE,\n    nombres VARCHAR(100) NOT NULL,\n    apellido_paterno VARCHAR(50) NOT NULL,\n    apellido_materno VARCHAR(50) NULL,\n    especialidad_id INT NOT NULL,\n    telefono VARCHAR(20) NULL,\n    email VARCHAR(100) NULL,\n    horario_atencion VARCHAR(255) NULL,\n    activo TINYINT(1) NOT NULL DEFAULT 1,\n    created_at TIMESTAMP DEFAULT CURRENT_TIMESTAMP,\n    updated_at TIMESTAMP DEFAULT CURRENT_TIMESTAMP ON UPDATE CURRENT_TIMESTAMP,\n    FOREIGN KEY (usuario_id) REFERENCES usuarios(id) ON DELETE SET NULL,\n    FOREIGN KEY (especialidad_id) REFERENCES especialidades(id) ON DELETE RESTRICT,\n    INDEX idx_codigo_medico (codigo_medico),\n    INDEX idx_colegiatura (numero_colegiatura),\n    INDEX idx_especialidad (especialidad_id)\n) ENGINE=InnoDB;\n\n-- =====================================================\n-- Tabla de Consultas Médicas (Atenciones)\n-- =====================================================\nCREATE TABLE IF NOT EXISTS consultas (\n    id INT AUTO_INCREMENT PRIMARY KEY,\n    numero_consulta VARCHAR(20) NOT NULL UNIQUE,\n    paciente_id INT NOT NULL,\n    medico_id INT NOT NULL,\n    fecha_consulta DATE NOT NULL,\n    hora_consulta TIME NOT NULL,\n    tipo_consulta ENUM('Primera vez', 'Control', 'Emergencia', 'Referencia') NOT NULL DEFAULT 'Primera vez',\n    estado ENUM('Programada', 'En espera', 'En atención', 'Atendida', 'Cancelada', 'No asistió') NOT NULL DEFAULT 'Programada',\n    motivo_consulta TEXT NOT NULL,\n    sintomas TEXT NULL,\n    examen_fisico TEXT NULL,\n    diagnostico TEXT NULL,\n    tratamiento TEXT NULL,\n    observaciones TEXT NULL,\n    proxima_cita DATE NULL,\n    usuario_registro_id INT NOT NULL,\n    created_at TIMESTAMP DEFAULT CURRENT_TIMESTAMP,\n    updated_at TIMESTAMP DEFAULT CURRENT_TIMESTAMP ON UPDATE CURRENT_TIMESTAMP,\n    FOREIGN KEY (paciente_id) REFERENCES pacientes(id) ON DELETE RESTRICT,\n    FOREIGN KEY (medico_id) REFERENCES medicos(id) ON DELETE RESTRICT,\n    FOREIGN KEY (usuario_registro_id) REFERENCES usuarios(id) ON DELETE RESTRICT,\n    INDEX idx_numero_consulta (numero_consulta),\n    INDEX idx_paciente (paciente_id),\n    INDEX idx_medico (medico_id),\n    INDEX idx_fecha (fecha_consulta),\n    INDEX idx_estado (estado)\n) ENGINE=InnoDB;\n\n-- =====================================================\n-- Tabla de Signos Vitales\n-- =====================================================\nCREATE TABLE IF NOT EXISTS signos_vitales (\n    id INT AUTO_INCREMENT PRIMARY KEY,\n    consulta_id INT NOT NULL,\n    presion_sistolica INT NULL,\n    presion_diastolica INT NULL,\n    frecuencia_cardiaca INT NULL,\n    frecuencia_respiratoria INT NULL,\n    temperatura DECIMAL(4,2) NULL,\n    peso DECIMAL(5,2) NULL,\n    talla DECIMAL(4,2) NULL,\n    imc DECIMAL(4,2) NULL,\n    saturacion_oxigeno INT NULL,\n    created_at TIMESTAMP DEFAULT CURRENT_TIMESTAMP,\n    FOREIGN KEY (consulta_id) REFERENCES consultas(id) ON DELETE CASCADE\n) ENGINE=InnoDB;\n\n-- =====================================================\n-- Tabla de Logs de Auditoría\n-- =====================================================\nCREATE TABLE IF NOT EXISTS audit_logs (\n    id INT AUTO_INCREMENT PRIMARY KEY,\n    usuario_id INT NULL,\n    accion VARCHAR(50) NOT NULL,\n    tabla_afectada VARCHAR(50) NOT NULL,\n    registro_id INT NULL,\n    datos_anteriores JSON NULL,\n    datos_nuevos JSON NULL,\n    ip_address VARCHAR(45) NULL,\n    user_agent TEXT NULL,\n    created_at TIMESTAMP DEFAULT CURRENT_TIMESTAMP,\n    INDEX idx_usuario (usuario_id),\n    INDEX idx_accion (accion),\n    INDEX idx_tabla (tabla_afectada),\n    INDEX idx_fecha (created_at)\n) ENGINE=InnoDB;\n\n-- =====================================================\n-- Datos Iniciales\n-- =====================================================\n\n-- Insertar especialidades médicas básicas\nINSERT INTO especialidades (nombre, descripcion) VALUES\n('Medicina General', 'Atención médica primaria y preventiva'),\n('Pediatría', 'Atención médica para niños y adolescentes'),\n('Ginecología', 'Salud reproductiva femenina'),\n('Cardiología', 'Enfermedades del corazón y sistema cardiovascular'),\n('Dermatología', 'Enfermedades de la piel'),\n('Traumatología', 'Lesiones del sistema músculo-esquelético'),\n('Oftalmología', 'Enfermedades de los ojos'),\n('Otorrinolaringología', 'Enfermedades de oído, nariz y garganta'),\n('Neurología', 'Enfermedades del sistema nervioso'),\n('Psiquiatría', 'Trastornos mentales y emocionales');\n\n-- Insertar usuario administrador por defecto\n-- Password: Admin123! (hasheado con password_hash de PHP)\nINSERT INTO usuarios (username, email, password, nombre_completo, rol) VALUES\n('admin', 'admin@consultamedica.local', '$2y$10$92IXUNpkjO0rOQ5byMi.Ye4oKoEa3Ro9llC/.og/at2.uheWG/igi', 'Administrador del Sistema', 'admin');\n\n-- Insertar médico de ejemplo\nINSERT INTO medicos (codigo_medico, numero_colegiatura, nombres, apellido_paterno, apellido_materno, especialidad_id, telefono, email) VALUES\n('MED001', 'CMP-12345', 'Juan Carlos', 'García', 'López', 1, '999888777', 'jgarcia@consultamedica.local');\n\n-- Insertar paciente de ejemplo\nINSERT INTO pacientes (numero_historia, tipo_documento, numero_documento, nombres, apellido_paterno, apellido_materno, fecha_nacimiento, sexo, direccion, telefono) VALUES\n('HC-000001', 'DNI', '12345678', 'María Elena', 'Rodríguez', 'Sánchez', '1985-03-15', 'F', 'Av. Principal 123', '987654321');\n"
            },
            "id": "consulta-medica/mysql-init-sql",
            "immutable": false,
            "metadata": [
              {
                "annotations": null,
                "generate_name": "",
                "generation": 0,
                "labels": null,
                "name": "mysql-init-sql",
                "namespace": "consulta-medica",
                "resource_version": "20927",
                "uid": "2ae03103-9484-410a-9c90-d5f231e2cc3a"
              }
            ]
          },
          "sensitive_attributes": [],
          "identity_schema_version": 1,
          "identity": {
            "api_version": "v1",
            "kind": "ConfigMap",
            "name": "mysql-init-sql",
            "namespace": "consulta-medica"
          },
          "private": "bnVsbA==",
          "dependencies": [
            "kubernetes_namespace.consulta_medica"
          ]
        }
      ]
    },
    {
      "mode": "managed",
      "type": "kubernetes_config_map",
      "name": "prometheus_config",
      "provider": "provider[\"registry.terraform.io/hashicorp/kubernetes\"]",
      "instances": [
        {
          "schema_version": 0,
          "attributes": {
            "binary_data": null,
            "data": {
              "prometheus.yml": "global:\n  scrape_interval: 15s\n  evaluation_interval: 15s\n\nscrape_configs:\n  - job_name: 'kubernetes-apiservers'\n    kubernetes_sd_configs:\n      - role: endpoints\n    scheme: https\n    tls_config:\n      ca_file: /var/run/secrets/kubernetes.io/serviceaccount/ca.crt\n    bearer_token_file: /var/run/secrets/kubernetes.io/serviceaccount/token\n    relabel_configs:\n      - source_labels: [__meta_kubernetes_namespace, __meta_kubernetes_service_name, __meta_kubernetes_endpoint_port_name]\n        action: keep\n        regex: default;kubernetes;https\n\n  - job_name: 'kubernetes-nodes'\n    kubernetes_sd_configs:\n      - role: node\n    scheme: https\n    tls_config:\n      ca_file: /var/run/secrets/kubernetes.io/serviceaccount/ca.crt\n    bearer_token_file: /var/run/secrets/kubernetes.io/serviceaccount/token\n    relabel_configs:\n      - action: labelmap\n        regex: __meta_kubernetes_node_label_(.+)\n\n  - job_name: 'kubernetes-pods'\n    kubernetes_sd_configs:\n      - role: pod\n    relabel_configs:\n      - source_labels: [__meta_kubernetes_pod_annotation_prometheus_io_scrape]\n        action: keep\n        regex: 'true'\n      - source_labels: [__meta_kubernetes_pod_annotation_prometheus_io_path]\n        action: replace\n        target_label: __metrics_path__\n        regex: (.+)\n      - source_labels: [__address__, __meta_kubernetes_pod_annotation_prometheus_io_port]\n        action: replace\n        regex: ([^:]+)(?::\\d+)?;(\\d+)\n        replacement: $1:$2\n        target_label: __address__\n      - action: labelmap\n        regex: __meta_kubernetes_pod_label_(.+)\n      - source_labels: [__meta_kubernetes_namespace]\n        action: replace\n        target_label: kubernetes_namespace\n      - source_labels: [__meta_kubernetes_pod_name]\n        action: replace\n        target_label: kubernetes_pod_name\n\n  - job_name: 'consulta-medica-service'\n    static_configs:\n      - targets: ['consulta-medica.consulta-medica.svc.cluster.local:80']\n"
            },
            "id": "consulta-medica/prometheus-config",
            "immutable": false,
            "metadata": [
              {
                "annotations": null,
                "generate_name": "",
                "generation": 0,
                "labels": null,
                "name": "prometheus-config",
                "namespace": "consulta-medica",
                "resource_version": "1051",
                "uid": "95f11a82-f4c6-479b-a967-82ad41c92166"
              }
            ]
          },
          "sensitive_attributes": [],
          "identity_schema_version": 1,
          "identity": {
            "api_version": "v1",
            "kind": "ConfigMap",
            "name": "prometheus-config",
            "namespace": "consulta-medica"
          },
          "private": "bnVsbA==",
          "dependencies": [
            "kubernetes_namespace.consulta_medica"
          ]
        }
      ]
    },
    {
      "mode": "managed",
      "type": "kubernetes_deployment",
      "name": "app",
      "provider": "provider[\"registry.terraform.io/hashicorp/kubernetes\"]",
      "instances": [
        {
          "schema_version": 1,
          "attributes": {
            "id": "consulta-medica/consulta-medica",
            "metadata": [
              {
                "annotations": {},
                "generate_name": "",
                "generation": 3,
                "labels": {
                  "app": "consulta-medica"
                },
                "name": "consulta-medica",
                "namespace": "consulta-medica",
                "resource_version": "14162",
                "uid": "87ce9857-43ff-4fc5-925a-f92ce73e189c"
              }
            ],
            "spec": [
              {
                "min_ready_seconds": 0,
                "paused": false,
                "progress_deadline_seconds": 600,
                "replicas": "1",
                "revision_history_limit": 10,
                "selector": [
                  {
                    "match_expressions": [],
                    "match_labels": {
                      "app": "consulta-medica"
                    }
                  }
                ],
                "strategy": [
                  {
                    "rolling_update": [
                      {
                        "max_surge": "25%",
                        "max_unavailable": "25%"
                      }
                    ],
                    "type": "RollingUpdate"
                  }
                ],
                "template": [
                  {
                    "metadata": [
                      {
                        "annotations": {},
                        "generate_name": "",
                        "generation": 0,
                        "labels": {
                          "app": "consulta-medica"
                        },
                        "name": "",
                        "namespace": "",
                        "resource_version": "",
                        "uid": ""
                      }
                    ],
                    "spec": [
                      {
                        "active_deadline_seconds": 0,
                        "affinity": [],
                        "automount_service_account_token": true,
                        "container": [
                          {
                            "args": [],
                            "command": [],
                            "env": [
                              {
                                "name": "DB_PASSWORD",
                                "value": "",
                                "value_from": [
                                  {
                                    "config_map_key_ref": [],
                                    "field_ref": [],
                                    "resource_field_ref": [],
                                    "secret_key_ref": [
                                      {
                                        "key": "DB_PASSWORD",
                                        "name": "db-secret",
                                        "optional": false
                                      }
                                    ]
                                  }
                                ]
                              }
                            ],
                            "env_from": [
                              {
                                "config_map_ref": [
                                  {
                                    "name": "app-config",
                                    "optional": false
                                  }
                                ],
                                "prefix": "",
                                "secret_ref": []
                              }
                            ],
                            "image": "consulta-medica:fix-mbstring",
                            "image_pull_policy": "IfNotPresent",
                            "lifecycle": [],
                            "liveness_probe": [
                              {
                                "exec": [],
                                "failure_threshold": 3,
                                "grpc": [],
                                "http_get": [
                                  {
                                    "host": "",
                                    "http_header": [],
                                    "path": "/health.php",
                                    "port": "80",
                                    "scheme": "HTTP"
                                  }
                                ],
                                "initial_delay_seconds": 30,
                                "period_seconds": 10,
                                "success_threshold": 1,
                                "tcp_socket": [],
                                "timeout_seconds": 1
                              }
                            ],
                            "name": "consulta-medica",
                            "port": [
                              {
                                "container_port": 80,
                                "host_ip": "",
                                "host_port": 0,
                                "name": "",
                                "protocol": "TCP"
                              }
                            ],
                            "readiness_probe": [
                              {
                                "exec": [],
                                "failure_threshold": 3,
                                "grpc": [],
                                "http_get": [
                                  {
                                    "host": "",
                                    "http_header": [],
                                    "path": "/health.php",
                                    "port": "80",
                                    "scheme": "HTTP"
                                  }
                                ],
                                "initial_delay_seconds": 10,
                                "period_seconds": 5,
                                "success_threshold": 1,
                                "tcp_socket": [],
                                "timeout_seconds": 1
                              }
                            ],
                            "resources": [
                              {
                                "limits": {
                                  "cpu": "500m",
                                  "memory": "512Mi"
                                },
                                "requests": {
                                  "cpu": "100m",
                                  "memory": "128Mi"
                                }
                              }
                            ],
                            "security_context": [],
                            "startup_probe": [],
                            "stdin": false,
                            "stdin_once": false,
                            "termination_message_path": "/dev/termination-log",
                            "termination_message_policy": "File",
                            "tty": false,
                            "volume_device": [],
                            "volume_mount": [],
                            "working_dir": ""
                          }
                        ],
                        "dns_config": [],
                        "dns_policy": "ClusterFirst",
                        "enable_service_links": true,
                        "host_aliases": [],
                        "host_ipc": false,
                        "host_network": false,
                        "host_pid": false,
                        "hostname": "",
                        "image_pull_secrets": [],
                        "init_container": [],
                        "node_name": "",
                        "node_selector": {},
                        "os": [],
                        "priority_class_name": "",
                        "readiness_gate": [],
                        "restart_policy": "Always",
                        "runtime_class_name": "",
                        "scheduler_name": "default-scheduler",
                        "security_context": [],
                        "service_account_name": "",
                        "share_process_namespace": false,
                        "subdomain": "",
                        "termination_grace_period_seconds": 30,
                        "toleration": [],
                        "topology_spread_constraint": [],
                        "volume": []
                      }
                    ]
                  }
                ]
              }
            ],
            "timeouts": null,
            "wait_for_rollout": false
          },
          "sensitive_attributes": [],
          "identity_schema_version": 1,
          "identity": {
            "api_version": "apps/v1",
            "kind": "Deployment",
            "name": "consulta-medica",
            "namespace": "consulta-medica"
          },
          "private": "eyJlMmJmYjczMC1lY2FhLTExZTYtOGY4OC0zNDM2M2JjN2M0YzAiOnsiY3JlYXRlIjo2MDAwMDAwMDAwMDAsImRlbGV0ZSI6NjAwMDAwMDAwMDAwLCJ1cGRhdGUiOjYwMDAwMDAwMDAwMH0sInNjaGVtYV92ZXJzaW9uIjoiMSJ9",
          "dependencies": [
            "kubernetes_config_map.app_config",
            "kubernetes_namespace.consulta_medica",
            "kubernetes_secret.db_secret"
          ]
        }
      ]
    },
    {
      "mode": "managed",
      "type": "kubernetes_deployment",
      "name": "docker_registry",
      "provider": "provider[\"registry.terraform.io/hashicorp/kubernetes\"]",
      "instances": [
        {
          "schema_version": 1,
          "attributes": {
            "id": "consulta-medica/docker-registry",
            "metadata": [
              {
                "annotations": null,
                "generate_name": "",
                "generation": 1,
                "labels": {
                  "app": "docker-registry"
                },
                "name": "docker-registry",
                "namespace": "consulta-medica",
                "resource_version": "1373",
                "uid": "6257a512-530e-4356-ab9a-ddc02fe9e630"
              }
            ],
            "spec": [
              {
                "min_ready_seconds": 0,
                "paused": false,
                "progress_deadline_seconds": 600,
                "replicas": "1",
                "revision_history_limit": 10,
                "selector": [
                  {
                    "match_expressions": [],
                    "match_labels": {
                      "app": "docker-registry"
                    }
                  }
                ],
                "strategy": [
                  {
                    "rolling_update": [
                      {
                        "max_surge": "25%",
                        "max_unavailable": "25%"
                      }
                    ],
                    "type": "RollingUpdate"
                  }
                ],
                "template": [
                  {
                    "metadata": [
                      {
                        "annotations": null,
                        "generate_name": "",
                        "generation": 0,
                        "labels": {
                          "app": "docker-registry"
                        },
                        "name": "",
                        "namespace": "",
                        "resource_version": "",
                        "uid": ""
                      }
                    ],
                    "spec": [
                      {
                        "active_deadline_seconds": 0,
                        "affinity": [],
                        "automount_service_account_token": true,
                        "container": [
                          {
                            "args": null,
                            "command": null,
                            "env": [
                              {
                                "name": "REGISTRY_STORAGE_DELETE_ENABLED",
                                "value": "true",
                                "value_from": []
                              }
                            ],
                            "env_from": [],
                            "image": "registry:2",
                            "image_pull_policy": "IfNotPresent",
                            "lifecycle": [],
                            "liveness_probe": [],
                            "name": "docker-registry",
                            "port": [
                              {
                                "container_port": 5000,
                                "host_ip": "",
                                "host_port": 0,
                                "name": "",
                                "protocol": "TCP"
                              }
                            ],
                            "readiness_probe": [],
                            "resources": [
                              {
                                "limits": {},
                                "requests": {}
                              }
                            ],
                            "security_context": [],
                            "startup_probe": [],
                            "stdin": false,
                            "stdin_once": false,
                            "termination_message_path": "/dev/termination-log",
                            "termination_message_policy": "File",
                            "tty": false,
                            "volume_device": [],
                            "volume_mount": [
                              {
                                "mount_path": "/var/lib/registry",
                                "mount_propagation": "None",
                                "name": "registry-storage",
                                "read_only": false,
                                "sub_path": "",
                                "sub_path_expr": ""
                              }
                            ],
                            "working_dir": ""
                          }
                        ],
                        "dns_config": [],
                        "dns_policy": "ClusterFirst",
                        "enable_service_links": true,
                        "host_aliases": [],
                        "host_ipc": false,
                        "host_network": false,
                        "host_pid": false,
                        "hostname": "",
                        "image_pull_secrets": [],
                        "init_container": [],
                        "node_name": "",
                        "node_selector": null,
                        "os": [],
                        "priority_class_name": "",
                        "readiness_gate": [],
                        "restart_policy": "Always",
                        "runtime_class_name": "",
                        "scheduler_name": "default-scheduler",
                        "security_context": [],
                        "service_account_name": "",
                        "share_process_namespace": false,
                        "subdomain": "",
                        "termination_grace_period_seconds": 30,
                        "toleration": [],
                        "topology_spread_constraint": [],
                        "volume": [
                          {
                            "aws_elastic_block_store": [],
                            "azure_disk": [],
                            "azure_file": [],
                            "ceph_fs": [],
                            "cinder": [],
                            "config_map": [],
                            "csi": [],
                            "downward_api": [],
                            "empty_dir": [],
                            "ephemeral": [],
                            "fc": [],
                            "flex_volume": [],
                            "flocker": [],
                            "gce_persistent_disk": [],
                            "git_repo": [],
                            "glusterfs": [],
                            "host_path": [],
                            "iscsi": [],
                            "local": [],
                            "name": "registry-storage",
                            "nfs": [],
                            "persistent_volume_claim": [
                              {
                                "claim_name": "docker-registry-pvc",
                                "read_only": false
                              }
                            ],
                            "photon_persistent_disk": [],
                            "projected": [],
                            "quobyte": [],
                            "rbd": [],
                            "secret": [],
                            "vsphere_volume": []
                          }
                        ]
                      }
                    ]
                  }
                ]
              }
            ],
            "timeouts": null,
            "wait_for_rollout": true
          },
          "sensitive_attributes": [],
          "identity_schema_version": 1,
          "identity": {
            "api_version": "apps/v1",
            "kind": "Deployment",
            "name": "docker-registry",
            "namespace": "consulta-medica"
          },
          "private": "eyJlMmJmYjczMC1lY2FhLTExZTYtOGY4OC0zNDM2M2JjN2M0YzAiOnsiY3JlYXRlIjo2MDAwMDAwMDAwMDAsImRlbGV0ZSI6NjAwMDAwMDAwMDAwLCJ1cGRhdGUiOjYwMDAwMDAwMDAwMH0sInNjaGVtYV92ZXJzaW9uIjoiMSJ9",
          "dependencies": [
            "kubernetes_namespace.consulta_medica",
            "kubernetes_persistent_volume_claim.registry_pvc"
          ]
        }
      ]
    },
    {
      "mode": "managed",
      "type": "kubernetes_deployment",
      "name": "grafana",
      "provider": "provider[\"registry.terraform.io/hashicorp/kubernetes\"]",
      "instances": [
        {
          "schema_version": 1,
          "attributes": {
            "id": "consulta-medica/grafana",
            "metadata": [
              {
                "annotations": null,
                "generate_name": "",
                "generation": 1,
                "labels": {
                  "app": "grafana"
                },
                "name": "grafana",
                "namespace": "consulta-medica",
                "resource_version": "1236",
                "uid": "6e42e586-6376-4162-965a-e812c0899ef4"
              }
            ],
            "spec": [
              {
                "min_ready_seconds": 0,
                "paused": false,
                "progress_deadline_seconds": 600,
                "replicas": "1",
                "revision_history_limit": 10,
                "selector": [
                  {
                    "match_expressions": [],
                    "match_labels": {
                      "app": "grafana"
                    }
                  }
                ],
                "strategy": [
                  {
                    "rolling_update": [
                      {
                        "max_surge": "25%",
                        "max_unavailable": "25%"
                      }
                    ],
                    "type": "RollingUpdate"
                  }
                ],
                "template": [
                  {
                    "metadata": [
                      {
                        "annotations": null,
                        "generate_name": "",
                        "generation": 0,
                        "labels": {
                          "app": "grafana"
                        },
                        "name": "",
                        "namespace": "",
                        "resource_version": "",
                        "uid": ""
                      }
                    ],
                    "spec": [
                      {
                        "active_deadline_seconds": 0,
                        "affinity": [],
                        "automount_service_account_token": true,
                        "container": [
                          {
                            "args": null,
                            "command": null,
                            "env": [
                              {
                                "name": "GF_SECURITY_ADMIN_PASSWORD",
                                "value": "admin",
                                "value_from": []
                              }
                            ],
                            "env_from": [],
                            "image": "grafana/grafana:latest",
                            "image_pull_policy": "Always",
                            "lifecycle": [],
                            "liveness_probe": [],
                            "name": "grafana",
                            "port": [
                              {
                                "container_port": 3000,
                                "host_ip": "",
                                "host_port": 0,
                                "name": "",
                                "protocol": "TCP"
                              }
                            ],
                            "readiness_probe": [],
                            "resources": [
                              {
                                "limits": {},
                                "requests": {}
                              }
                            ],
                            "security_context": [],
                            "startup_probe": [],
                            "stdin": false,
                            "stdin_once": false,
                            "termination_message_path": "/dev/termination-log",
                            "termination_message_policy": "File",
                            "tty": false,
                            "volume_device": [],
                            "volume_mount": [
                              {
                                "mount_path": "/etc/grafana/provisioning/datasources/prometheus.yaml",
                                "mount_propagation": "None",
                                "name": "grafana-datasource",
                                "read_only": false,
                                "sub_path": "prometheus.yaml",
                                "sub_path_expr": ""
                              }
                            ],
                            "working_dir": ""
                          }
                        ],
                        "dns_config": [],
                        "dns_policy": "ClusterFirst",
                        "enable_service_links": true,
                        "host_aliases": [],
                        "host_ipc": false,
                        "host_network": false,
                        "host_pid": false,
                        "hostname": "",
                        "image_pull_secrets": [],
                        "init_container": [],
                        "node_name": "",
                        "node_selector": null,
                        "os": [],
                        "priority_class_name": "",
                        "readiness_gate": [],
                        "restart_policy": "Always",
                        "runtime_class_name": "",
                        "scheduler_name": "default-scheduler",
                        "security_context": [],
                        "service_account_name": "",
                        "share_process_namespace": false,
                        "subdomain": "",
                        "termination_grace_period_seconds": 30,
                        "toleration": [],
                        "topology_spread_constraint": [],
                        "volume": [
                          {
                            "aws_elastic_block_store": [],
                            "azure_disk": [],
                            "azure_file": [],
                            "ceph_fs": [],
                            "cinder": [],
                            "config_map": [
                              {
                                "default_mode": "0644",
                                "items": [],
                                "name": "grafana-datasource",
                                "optional": false
                              }
                            ],
                            "csi": [],
                            "downward_api": [],
                            "empty_dir": [],
                            "ephemeral": [],
                            "fc": [],
                            "flex_volume": [],
                            "flocker": [],
                            "gce_persistent_disk": [],
                            "git_repo": [],
                            "glusterfs": [],
                            "host_path": [],
                            "iscsi": [],
                            "local": [],
                            "name": "grafana-datasource",
                            "nfs": [],
                            "persistent_volume_claim": [],
                            "photon_persistent_disk": [],
                            "projected": [],
                            "quobyte": [],
                            "rbd": [],
                            "secret": [],
                            "vsphere_volume": []
                          }
                        ]
                      }
                    ]
                  }
                ]
              }
            ],
            "timeouts": null,
            "wait_for_rollout": true
          },
          "sensitive_attributes": [],
          "identity_schema_version": 1,
          "identity": {
            "api_version": "apps/v1",
            "kind": "Deployment",
            "name": "grafana",
            "namespace": "consulta-medica"
          },
          "private": "eyJlMmJmYjczMC1lY2FhLTExZTYtOGY4OC0zNDM2M2JjN2M0YzAiOnsiY3JlYXRlIjo2MDAwMDAwMDAwMDAsImRlbGV0ZSI6NjAwMDAwMDAwMDAwLCJ1cGRhdGUiOjYwMDAwMDAwMDAwMH0sInNjaGVtYV92ZXJzaW9uIjoiMSJ9",
          "dependencies": [
            "kubernetes_config_map.grafana_datasource",
            "kubernetes_namespace.consulta_medica"
          ]
        }
      ]
    },
    {
      "mode": "managed",
      "type": "kubernetes_deployment",
      "name": "jenkins",
      "provider": "provider[\"registry.terraform.io/hashicorp/kubernetes\"]",
      "instances": [
        {
          "schema_version": 1,
          "attributes": {
            "id": "consulta-medica/jenkins",
            "metadata": [
              {
                "annotations": null,
                "generate_name": "",
                "generation": 1,
                "labels": {
                  "app": "jenkins"
                },
                "name": "jenkins",
                "namespace": "consulta-medica",
                "resource_version": "1443",
                "uid": "9d30dbce-9509-4ac4-84c4-a69f11419f84"
              }
            ],
            "spec": [
              {
                "min_ready_seconds": 0,
                "paused": false,
                "progress_deadline_seconds": 600,
                "replicas": "1",
                "revision_history_limit": 10,
                "selector": [
                  {
                    "match_expressions": [],
                    "match_labels": {
                      "app": "jenkins"
                    }
                  }
                ],
                "strategy": [
                  {
                    "rolling_update": [
                      {
                        "max_surge": "25%",
                        "max_unavailable": "25%"
                      }
                    ],
                    "type": "RollingUpdate"
                  }
                ],
                "template": [
                  {
                    "metadata": [
                      {
                        "annotations": null,
                        "generate_name": "",
                        "generation": 0,
                        "labels": {
                          "app": "jenkins"
                        },
                        "name": "",
                        "namespace": "",
                        "resource_version": "",
                        "uid": ""
                      }
                    ],
                    "spec": [
                      {
                        "active_deadline_seconds": 0,
                        "affinity": [],
                        "automount_service_account_token": true,
                        "container": [
                          {
                            "args": null,
                            "command": null,
                            "env": [
                              {
                                "name": "JAVA_OPTS",
                                "value": "-Xmx1024m -Xms512m",
                                "value_from": []
                              },
                              {
                                "name": "JENKINS_OPTS",
                                "value": "--argumentsRealm.passwd.admin=admin --argumentsRealm.roles.admin=admin",
                                "value_from": []
                              }
                            ],
                            "env_from": [],
                            "image": "jenkins/jenkins:lts-jdk17",
                            "image_pull_policy": "IfNotPresent",
                            "lifecycle": [],
                            "liveness_probe": [],
                            "name": "jenkins",
                            "port": [
                              {
                                "container_port": 8080,
                                "host_ip": "",
                                "host_port": 0,
                                "name": "",
                                "protocol": "TCP"
                              },
                              {
                                "container_port": 50000,
                                "host_ip": "",
                                "host_port": 0,
                                "name": "",
                                "protocol": "TCP"
                              }
                            ],
                            "readiness_probe": [],
                            "resources": [
                              {
                                "limits": {},
                                "requests": {}
                              }
                            ],
                            "security_context": [],
                            "startup_probe": [],
                            "stdin": false,
                            "stdin_once": false,
                            "termination_message_path": "/dev/termination-log",
                            "termination_message_policy": "File",
                            "tty": false,
                            "volume_device": [],
                            "volume_mount": [
                              {
                                "mount_path": "/var/jenkins_home",
                                "mount_propagation": "None",
                                "name": "jenkins-home",
                                "read_only": false,
                                "sub_path": "",
                                "sub_path_expr": ""
                              },
                              {
                                "mount_path": "/var/run/docker.sock",
                                "mount_propagation": "None",
                                "name": "docker-sock",
                                "read_only": false,
                                "sub_path": "",
                                "sub_path_expr": ""
                              }
                            ],
                            "working_dir": ""
                          }
                        ],
                        "dns_config": [],
                        "dns_policy": "ClusterFirst",
                        "enable_service_links": true,
                        "host_aliases": [],
                        "host_ipc": false,
                        "host_network": false,
                        "host_pid": false,
                        "hostname": "",
                        "image_pull_secrets": [],
                        "init_container": [],
                        "node_name": "",
                        "node_selector": null,
                        "os": [],
                        "priority_class_name": "",
                        "readiness_gate": [],
                        "restart_policy": "Always",
                        "runtime_class_name": "",
                        "scheduler_name": "default-scheduler",
                        "security_context": [],
                        "service_account_name": "jenkins",
                        "share_process_namespace": false,
                        "subdomain": "",
                        "termination_grace_period_seconds": 30,
                        "toleration": [],
                        "topology_spread_constraint": [],
                        "volume": [
                          {
                            "aws_elastic_block_store": [],
                            "azure_disk": [],
                            "azure_file": [],
                            "ceph_fs": [],
                            "cinder": [],
                            "config_map": [],
                            "csi": [],
                            "downward_api": [],
                            "empty_dir": [],
                            "ephemeral": [],
                            "fc": [],
                            "flex_volume": [],
                            "flocker": [],
                            "gce_persistent_disk": [],
                            "git_repo": [],
                            "glusterfs": [],
                            "host_path": [],
                            "iscsi": [],
                            "local": [],
                            "name": "jenkins-home",
                            "nfs": [],
                            "persistent_volume_claim": [
                              {
                                "claim_name": "jenkins-pvc",
                                "read_only": false
                              }
                            ],
                            "photon_persistent_disk": [],
                            "projected": [],
                            "quobyte": [],
                            "rbd": [],
                            "secret": [],
                            "vsphere_volume": []
                          },
                          {
                            "aws_elastic_block_store": [],
                            "azure_disk": [],
                            "azure_file": [],
                            "ceph_fs": [],
                            "cinder": [],
                            "config_map": [],
                            "csi": [],
                            "downward_api": [],
                            "empty_dir": [],
                            "ephemeral": [],
                            "fc": [],
                            "flex_volume": [],
                            "flocker": [],
                            "gce_persistent_disk": [],
                            "git_repo": [],
                            "glusterfs": [],
                            "host_path": [
                              {
                                "path": "/var/run/docker.sock",
                                "type": "Socket"
                              }
                            ],
                            "iscsi": [],
                            "local": [],
                            "name": "docker-sock",
                            "nfs": [],
                            "persistent_volume_claim": [],
                            "photon_persistent_disk": [],
                            "projected": [],
                            "quobyte": [],
                            "rbd": [],
                            "secret": [],
                            "vsphere_volume": []
                          }
                        ]
                      }
                    ]
                  }
                ]
              }
            ],
            "timeouts": null,
            "wait_for_rollout": true
          },
          "sensitive_attributes": [],
          "identity_schema_version": 1,
          "identity": {
            "api_version": "apps/v1",
            "kind": "Deployment",
            "name": "jenkins",
            "namespace": "consulta-medica"
          },
          "private": "eyJlMmJmYjczMC1lY2FhLTExZTYtOGY4OC0zNDM2M2JjN2M0YzAiOnsiY3JlYXRlIjo2MDAwMDAwMDAwMDAsImRlbGV0ZSI6NjAwMDAwMDAwMDAwLCJ1cGRhdGUiOjYwMDAwMDAwMDAwMH0sInNjaGVtYV92ZXJzaW9uIjoiMSJ9",
          "dependencies": [
            "kubernetes_namespace.consulta_medica",
            "kubernetes_persistent_volume_claim.jenkins_pvc",
            "kubernetes_service_account.jenkins"
          ]
        }
      ]
    },
    {
      "mode": "managed",
      "type": "kubernetes_deployment",
      "name": "mysql",
      "provider": "provider[\"registry.terraform.io/hashicorp/kubernetes\"]",
      "instances": [
        {
          "schema_version": 1,
          "attributes": {
            "id": "consulta-medica/mysql",
            "metadata": [
              {
                "annotations": null,
                "generate_name": "",
                "generation": 1,
                "labels": {
                  "app": "mysql"
                },
                "name": "mysql",
                "namespace": "consulta-medica",
                "resource_version": "1362",
                "uid": "b4a7f0fa-509c-4bf9-9f4c-8f9bf4a9b759"
              }
            ],
            "spec": [
              {
                "min_ready_seconds": 0,
                "paused": false,
                "progress_deadline_seconds": 600,
                "replicas": "1",
                "revision_history_limit": 10,
                "selector": [
                  {
                    "match_expressions": [],
                    "match_labels": {
                      "app": "mysql"
                    }
                  }
                ],
                "strategy": [
                  {
                    "rolling_update": [
                      {
                        "max_surge": "25%",
                        "max_unavailable": "25%"
                      }
                    ],
                    "type": "RollingUpdate"
                  }
                ],
                "template": [
                  {
                    "metadata": [
                      {
                        "annotations": null,
                        "generate_name": "",
                        "generation": 0,
                        "labels": {
                          "app": "mysql"
                        },
                        "name": "",
                        "namespace": "",
                        "resource_version": "",
                        "uid": ""
                      }
                    ],
                    "spec": [
                      {
                        "active_deadline_seconds": 0,
                        "affinity": [],
                        "automount_service_account_token": true,
                        "container": [
                          {
                            "args": null,
                            "command": null,
                            "env": [
                              {
                                "name": "MYSQL_ROOT_PASSWORD",
                                "value": "",
                                "value_from": [
                                  {
                                    "config_map_key_ref": [],
                                    "field_ref": [],
                                    "resource_field_ref": [],
                                    "secret_key_ref": [
                                      {
                                        "key": "MYSQL_ROOT_PASSWORD",
                                        "name": "db-secret",
                                        "optional": false
                                      }
                                    ]
                                  }
                                ]
                              },
                              {
                                "name": "MYSQL_DATABASE",
                                "value": "consulta_medica",
                                "value_from": []
                              },
                              {
                                "name": "MYSQL_USER",
                                "value": "consulta_app",
                                "value_from": []
                              },
                              {
                                "name": "MYSQL_PASSWORD",
                                "value": "",
                                "value_from": [
                                  {
                                    "config_map_key_ref": [],
                                    "field_ref": [],
                                    "resource_field_ref": [],
                                    "secret_key_ref": [
                                      {
                                        "key": "MYSQL_PASSWORD",
                                        "name": "db-secret",
                                        "optional": false
                                      }
                                    ]
                                  }
                                ]
                              }
                            ],
                            "env_from": [],
                            "image": "mysql:8.0",
                            "image_pull_policy": "IfNotPresent",
                            "lifecycle": [],
                            "liveness_probe": [],
                            "name": "mysql",
                            "port": [
                              {
                                "container_port": 3306,
                                "host_ip": "",
                                "host_port": 0,
                                "name": "",
                                "protocol": "TCP"
                              }
                            ],
                            "readiness_probe": [],
                            "resources": [
                              {
                                "limits": {},
                                "requests": {}
                              }
                            ],
                            "security_context": [],
                            "startup_probe": [],
                            "stdin": false,
                            "stdin_once": false,
                            "termination_message_path": "/dev/termination-log",
                            "termination_message_policy": "File",
                            "tty": false,
                            "volume_device": [],
                            "volume_mount": [
                              {
                                "mount_path": "/var/lib/mysql",
                                "mount_propagation": "None",
                                "name": "mysql-storage",
                                "read_only": false,
                                "sub_path": "",
                                "sub_path_expr": ""
                              }
                            ],
                            "working_dir": ""
                          }
                        ],
                        "dns_config": [],
                        "dns_policy": "ClusterFirst",
                        "enable_service_links": true,
                        "host_aliases": [],
                        "host_ipc": false,
                        "host_network": false,
                        "host_pid": false,
                        "hostname": "",
                        "image_pull_secrets": [],
                        "init_container": [],
                        "node_name": "",
                        "node_selector": null,
                        "os": [],
                        "priority_class_name": "",
                        "readiness_gate": [],
                        "restart_policy": "Always",
                        "runtime_class_name": "",
                        "scheduler_name": "default-scheduler",
                        "security_context": [],
                        "service_account_name": "",
                        "share_process_namespace": false,
                        "subdomain": "",
                        "termination_grace_period_seconds": 30,
                        "toleration": [],
                        "topology_spread_constraint": [],
                        "volume": [
                          {
                            "aws_elastic_block_store": [],
                            "azure_disk": [],
                            "azure_file": [],
                            "ceph_fs": [],
                            "cinder": [],
                            "config_map": [],
                            "csi": [],
                            "downward_api": [],
                            "empty_dir": [],
                            "ephemeral": [],
                            "fc": [],
                            "flex_volume": [],
                            "flocker": [],
                            "gce_persistent_disk": [],
                            "git_repo": [],
                            "glusterfs": [],
                            "host_path": [],
                            "iscsi": [],
                            "local": [],
                            "name": "mysql-storage",
                            "nfs": [],
                            "persistent_volume_claim": [
                              {
                                "claim_name": "mysql-pvc",
                                "read_only": false
                              }
                            ],
                            "photon_persistent_disk": [],
                            "projected": [],
                            "quobyte": [],
                            "rbd": [],
                            "secret": [],
                            "vsphere_volume": []
                          }
                        ]
                      }
                    ]
                  }
                ]
              }
            ],
            "timeouts": null,
            "wait_for_rollout": true
          },
          "sensitive_attributes": [],
          "identity_schema_version": 1,
          "identity": {
            "api_version": "apps/v1",
            "kind": "Deployment",
            "name": "mysql",
            "namespace": "consulta-medica"
          },
          "private": "eyJlMmJmYjczMC1lY2FhLTExZTYtOGY4OC0zNDM2M2JjN2M0YzAiOnsiY3JlYXRlIjo2MDAwMDAwMDAwMDAsImRlbGV0ZSI6NjAwMDAwMDAwMDAwLCJ1cGRhdGUiOjYwMDAwMDAwMDAwMH0sInNjaGVtYV92ZXJzaW9uIjoiMSJ9",
          "dependencies": [
            "kubernetes_namespace.consulta_medica",
            "kubernetes_persistent_volume_claim.mysql_pvc",
            "kubernetes_secret.db_secret"
          ]
        }
      ]
    },
    {
      "mode": "managed",
      "type": "kubernetes_deployment",
      "name": "prometheus",
      "provider": "provider[\"registry.terraform.io/hashicorp/kubernetes\"]",
      "instances": [
        {
          "schema_version": 1,
          "attributes": {
            "id": "consulta-medica/prometheus",
            "metadata": [
              {
                "annotations": null,
                "generate_name": "",
                "generation": 1,
                "labels": {
                  "app": "prometheus"
                },
                "name": "prometheus",
                "namespace": "consulta-medica",
                "resource_version": "1298",
                "uid": "593965f3-844f-47ae-bc93-4026e88c17c1"
              }
            ],
            "spec": [
              {
                "min_ready_seconds": 0,
                "paused": false,
                "progress_deadline_seconds": 600,
                "replicas": "1",
                "revision_history_limit": 10,
                "selector": [
                  {
                    "match_expressions": [],
                    "match_labels": {
                      "app": "prometheus"
                    }
                  }
                ],
                "strategy": [
                  {
                    "rolling_update": [
                      {
                        "max_surge": "25%",
                        "max_unavailable": "25%"
                      }
                    ],
                    "type": "RollingUpdate"
                  }
                ],
                "template": [
                  {
                    "metadata": [
                      {
                        "annotations": null,
                        "generate_name": "",
                        "generation": 0,
                        "labels": {
                          "app": "prometheus"
                        },
                        "name": "",
                        "namespace": "",
                        "resource_version": "",
                        "uid": ""
                      }
                    ],
                    "spec": [
                      {
                        "active_deadline_seconds": 0,
                        "affinity": [],
                        "automount_service_account_token": true,
                        "container": [
                          {
                            "args": [
                              "--config.file=/etc/prometheus/prometheus.yml",
                              "--storage.tsdb.path=/prometheus"
                            ],
                            "command": null,
                            "env": [],
                            "env_from": [],
                            "image": "prom/prometheus:latest",
                            "image_pull_policy": "Always",
                            "lifecycle": [],
                            "liveness_probe": [],
                            "name": "prometheus",
                            "port": [
                              {
                                "container_port": 9090,
                                "host_ip": "",
                                "host_port": 0,
                                "name": "",
                                "protocol": "TCP"
                              }
                            ],
                            "readiness_probe": [],
                            "resources": [
                              {
                                "limits": {},
                                "requests": {}
                              }
                            ],
                            "security_context": [],
                            "startup_probe": [],
                            "stdin": false,
                            "stdin_once": false,
                            "termination_message_path": "/dev/termination-log",
                            "termination_message_policy": "File",
                            "tty": false,
                            "volume_device": [],
                            "volume_mount": [
                              {
                                "mount_path": "/etc/prometheus/prometheus.yml",
                                "mount_propagation": "None",
                                "name": "prometheus-config",
                                "read_only": false,
                                "sub_path": "prometheus.yml",
                                "sub_path_expr": ""
                              }
                            ],
                            "working_dir": ""
                          }
                        ],
                        "dns_config": [],
                        "dns_policy": "ClusterFirst",
                        "enable_service_links": true,
                        "host_aliases": [],
                        "host_ipc": false,
                        "host_network": false,
                        "host_pid": false,
                        "hostname": "",
                        "image_pull_secrets": [],
                        "init_container": [],
                        "node_name": "",
                        "node_selector": null,
                        "os": [],
                        "priority_class_name": "",
                        "readiness_gate": [],
                        "restart_policy": "Always",
                        "runtime_class_name": "",
                        "scheduler_name": "default-scheduler",
                        "security_context": [],
                        "service_account_name": "",
                        "share_process_namespace": false,
                        "subdomain": "",
                        "termination_grace_period_seconds": 30,
                        "toleration": [],
                        "topology_spread_constraint": [],
                        "volume": [
                          {
                            "aws_elastic_block_store": [],
                            "azure_disk": [],
                            "azure_file": [],
                            "ceph_fs": [],
                            "cinder": [],
                            "config_map": [
                              {
                                "default_mode": "0644",
                                "items": [],
                                "name": "prometheus-config",
                                "optional": false
                              }
                            ],
                            "csi": [],
                            "downward_api": [],
                            "empty_dir": [],
                            "ephemeral": [],
                            "fc": [],
                            "flex_volume": [],
                            "flocker": [],
                            "gce_persistent_disk": [],
                            "git_repo": [],
                            "glusterfs": [],
                            "host_path": [],
                            "iscsi": [],
                            "local": [],
                            "name": "prometheus-config",
                            "nfs": [],
                            "persistent_volume_claim": [],
                            "photon_persistent_disk": [],
                            "projected": [],
                            "quobyte": [],
                            "rbd": [],
                            "secret": [],
                            "vsphere_volume": []
                          }
                        ]
                      }
                    ]
                  }
                ]
              }
            ],
            "timeouts": null,
            "wait_for_rollout": true
          },
          "sensitive_attributes": [],
          "identity_schema_version": 1,
          "identity": {
            "api_version": "apps/v1",
            "kind": "Deployment",
            "name": "prometheus",
            "namespace": "consulta-medica"
          },
          "private": "eyJlMmJmYjczMC1lY2FhLTExZTYtOGY4OC0zNDM2M2JjN2M0YzAiOnsiY3JlYXRlIjo2MDAwMDAwMDAwMDAsImRlbGV0ZSI6NjAwMDAwMDAwMDAwLCJ1cGRhdGUiOjYwMDAwMDAwMDAwMH0sInNjaGVtYV92ZXJzaW9uIjoiMSJ9",
          "dependencies": [
            "kubernetes_config_map.prometheus_config",
            "kubernetes_namespace.consulta_medica"
          ]
        }
      ]
    },
    {
      "mode": "managed",
      "type": "kubernetes_job",
      "name": "mysql_seed",
      "provider": "provider[\"registry.terraform.io/hashicorp/kubernetes\"]",
      "instances": [
        {
          "schema_version": 1,
          "attributes": {
            "id": "consulta-medica/mysql-seed",
            "metadata": [
              {
                "annotations": null,
                "generate_name": "",
                "generation": 0,
                "labels": {},
                "name": "mysql-seed",
                "namespace": "consulta-medica",
                "resource_version": "",
                "uid": ""
              }
            ],
            "spec": [
              {
                "active_deadline_seconds": 0,
                "backoff_limit": 3,
                "backoff_limit_per_index": 0,
                "completion_mode": "",
                "completions": 1,
                "manual_selector": false,
                "max_failed_indexes": 0,
                "parallelism": 1,
                "pod_failure_policy": [],
                "selector": [],
                "template": [
                  {
                    "metadata": [
                      {
                        "annotations": null,
                        "generate_name": "",
                        "generation": 0,
                        "labels": {
                          "app": "mysql-seed"
                        },
                        "name": "",
                        "resource_version": "",
                        "uid": ""
                      }
                    ],
                    "spec": [
                      {
                        "active_deadline_seconds": 0,
                        "affinity": [],
                        "automount_service_account_token": true,
                        "container": [
                          {
                            "args": [
                              "set -e\necho \"Esperando MySQL en ${DB_HOST}:3306...\"\nuntil mysql -h\"${DB_HOST}\" -u\"${DB_USER}\" -p\"${DB_PASSWORD}\" -Nse \"SELECT 1\" \u003e/dev/null 2\u003e\u00261; do\n  sleep 3\ndone\n\nTABLE_EXISTS=$(mysql -h\"${DB_HOST}\" -u\"${DB_USER}\" -p\"${DB_PASSWORD}\" -Nse \"SELECT COUNT(*) FROM information_schema.tables WHERE table_schema='${DB_NAME}' AND table_name='usuarios';\")\n\nif [ \"${TABLE_EXISTS}\" = \"0\" ]; then\n  echo \"Schema no encontrado. Importando /seed/database.sql...\"\n  mysql -h\"${DB_HOST}\" -u\"${DB_USER}\" -p\"${DB_PASSWORD}\" \"${DB_NAME}\" \u003c /seed/database.sql\n  echo \"Inicialización completada\"\nelse\n  echo \"Schema ya inicializado. No se requiere import\"\nfi\n"
                            ],
                            "command": [
                              "/bin/sh",
                              "-c"
                            ],
                            "env": [
                              {
                                "name": "DB_HOST",
                                "value": "mysql",
                                "value_from": []
                              },
                              {
                                "name": "DB_NAME",
                                "value": "consulta_medica",
                                "value_from": []
                              },
                              {
                                "name": "DB_USER",
                                "value": "consulta_app",
                                "value_from": []
                              },
                              {
                                "name": "DB_PASSWORD",
                                "value": "",
                                "value_from": [
                                  {
                                    "config_map_key_ref": [],
                                    "field_ref": [],
                                    "resource_field_ref": [],
                                    "secret_key_ref": [
                                      {
                                        "key": "DB_PASSWORD",
                                        "name": "db-secret",
                                        "optional": false
                                      }
                                    ]
                                  }
                                ]
                              }
                            ],
                            "env_from": [],
                            "image": "mysql:8.0",
                            "image_pull_policy": "",
                            "lifecycle": [],
                            "liveness_probe": [],
                            "name": "mysql-seed",
                            "port": [],
                            "readiness_probe": [],
                            "resources": [],
                            "security_context": [],
                            "startup_probe": [],
                            "stdin": false,
                            "stdin_once": false,
                            "termination_message_path": "/dev/termination-log",
                            "termination_message_policy": "",
                            "tty": false,
                            "volume_device": [],
                            "volume_mount": [
                              {
                                "mount_path": "/seed",
                                "mount_propagation": "None",
                                "name": "seed-sql",
                                "read_only": false,
                                "sub_path": "",
                                "sub_path_expr": ""
                              }
                            ],
                            "working_dir": ""
                          }
                        ],
                        "dns_config": [],
                        "dns_policy": "ClusterFirst",
                        "enable_service_links": true,
                        "host_aliases": [],
                        "host_ipc": false,
                        "host_network": false,
                        "host_pid": false,
                        "hostname": "",
                        "image_pull_secrets": [],
                        "init_container": [],
                        "node_name": "",
                        "node_selector": null,
                        "os": [],
                        "priority_class_name": "",
                        "readiness_gate": [],
                        "restart_policy": "OnFailure",
                        "runtime_class_name": "",
                        "scheduler_name": "",
                        "security_context": [],
                        "service_account_name": "",
                        "share_process_namespace": false,
                        "subdomain": "",
                        "termination_grace_period_seconds": 30,
                        "toleration": [],
                        "topology_spread_constraint": [],
                        "volume": [
                          {
                            "aws_elastic_block_store": [],
                            "azure_disk": [],
                            "azure_file": [],
                            "ceph_fs": [],
                            "cinder": [],
                            "config_map": [
                              {
                                "default_mode": "0644",
                                "items": [],
                                "name": "mysql-init-sql",
                                "optional": false
                              }
                            ],
                            "csi": [],
                            "downward_api": [],
                            "empty_dir": [],
                            "ephemeral": [],
                            "fc": [],
                            "flex_volume": [],
                            "flocker": [],
                            "gce_persistent_disk": [],
                            "git_repo": [],
                            "glusterfs": [],
                            "host_path": [],
                            "iscsi": [],
                            "local": [],
                            "name": "seed-sql",
                            "nfs": [],
                            "persistent_volume_claim": [],
                            "photon_persistent_disk": [],
                            "projected": [],
                            "quobyte": [],
                            "rbd": [],
                            "secret": [],
                            "vsphere_volume": []
                          }
                        ]
                      }
                    ]
                  }
                ],
                "ttl_seconds_after_finished": ""
              }
            ],
            "timeouts": null,
            "wait_for_completion": true
          },
          "sensitive_attributes": [],
          "identity_schema_version": 1,
          "identity": {
            "api_version": "batch/v1",
            "kind": "Job",
            "name": "mysql-seed",
            "namespace": "consulta-medica"
          },
          "private": "eyJlMmJmYjczMC1lY2FhLTExZTYtOGY4OC0zNDM2M2JjN2M0YzAiOnsiY3JlYXRlIjo2MDAwMDAwMDAwMCwiZGVsZXRlIjo2MDAwMDAwMDAwMCwidXBkYXRlIjo2MDAwMDAwMDAwMH0sInNjaGVtYV92ZXJzaW9uIjoiMSJ9",
          "dependencies": [
            "kubernetes_config_map.mysql_init_sql",
            "kubernetes_deployment.mysql",
            "kubernetes_namespace.consulta_medica",
            "kubernetes_persistent_volume_claim.mysql_pvc",
            "kubernetes_secret.db_secret",
            "kubernetes_service.mysql"
          ]
        }
      ]
    },
    {
      "mode": "managed",
      "type": "kubernetes_namespace",
      "name": "consulta_medica",
      "provider": "provider[\"registry.terraform.io/hashicorp/kubernetes\"]",
      "instances": [
        {
          "schema_version": 0,
          "attributes": {
            "id": "consulta-medica",
            "metadata": [
              {
                "annotations": {},
                "generate_name": "",
                "generation": 0,
                "labels": {},
                "name": "consulta-medica",
                "resource_version": "1049",
                "uid": "eaafa8f7-a0b0-46a8-83c3-e40c539f1288"
              }
            ],
            "timeouts": null,
            "wait_for_default_service_account": false
          },
          "sensitive_attributes": [],
          "identity_schema_version": 1,
          "identity": {
            "api_version": "v1",
            "kind": "Namespace",
            "name": "consulta-medica"
          },
          "private": "eyJlMmJmYjczMC1lY2FhLTExZTYtOGY4OC0zNDM2M2JjN2M0YzAiOnsiZGVsZXRlIjozMDAwMDAwMDAwMDB9fQ=="
        }
      ]
    },
    {
      "mode": "managed",
      "type": "kubernetes_persistent_volume_claim",
      "name": "jenkins_pvc",
      "provider": "provider[\"registry.terraform.io/hashicorp/kubernetes\"]",
      "instances": [
        {
          "schema_version": 0,
          "attributes": {
            "id": "consulta-medica/jenkins-pvc",
            "metadata": [
              {
                "annotations": null,
                "generate_name": "",
                "generation": 0,
                "labels": null,
                "name": "jenkins-pvc",
                "namespace": "consulta-medica",
                "resource_version": "1108",
                "uid": "9353e60f-da50-4c07-a298-08fad87fb344"
              }
            ],
            "spec": [
              {
                "access_modes": [
                  "ReadWriteOnce"
                ],
                "resources": [
                  {
                    "limits": null,
                    "requests": {
                      "storage": "20Gi"
                    }
                  }
                ],
                "selector": [],
                "storage_class_name": "hostpath",
                "volume_mode": "Filesystem",
                "volume_name": "pvc-9353e60f-da50-4c07-a298-08fad87fb344"
              }
            ],
            "timeouts": null,
            "wait_until_bound": true
          },
          "sensitive_attributes": [],
          "identity_schema_version": 0,
          "private": "eyJlMmJmYjczMC1lY2FhLTExZTYtOGY4OC0zNDM2M2JjN2M0YzAiOnsiY3JlYXRlIjozMDAwMDAwMDAwMDB9fQ==",
          "dependencies": [
            "kubernetes_namespace.consulta_medica"
          ]
        }
      ]
    },
    {
      "mode": "managed",
      "type": "kubernetes_persistent_volume_claim",
      "name": "mysql_pvc",
      "provider": "provider[\"registry.terraform.io/hashicorp/kubernetes\"]",
      "instances": [
        {
          "schema_version": 0,
          "attributes": {
            "id": "consulta-medica/mysql-pvc",
            "metadata": [
              {
                "annotations": null,
                "generate_name": "",
                "generation": 0,
                "labels": null,
                "name": "mysql-pvc",
                "namespace": "consulta-medica",
                "resource_version": "1066",
                "uid": "7ba18f0b-4226-4f14-87a6-dfabab116029"
              }
            ],
            "spec": [
              {
                "access_modes": [
                  "ReadWriteOnce"
                ],
                "resources": [
                  {
                    "limits": null,
                    "requests": {
                      "storage": "10Gi"
                    }
                  }
                ],
                "selector": [],
                "storage_class_name": "hostpath",
                "volume_mode": "Filesystem",
                "volume_name": "pvc-7ba18f0b-4226-4f14-87a6-dfabab116029"
              }
            ],
            "timeouts": null,
            "wait_until_bound": true
          },
          "sensitive_attributes": [],
          "identity_schema_version": 0,
          "private": "eyJlMmJmYjczMC1lY2FhLTExZTYtOGY4OC0zNDM2M2JjN2M0YzAiOnsiY3JlYXRlIjozMDAwMDAwMDAwMDB9fQ==",
          "dependencies": [
            "kubernetes_namespace.consulta_medica"
          ]
        }
      ]
    },
    {
      "mode": "managed",
      "type": "kubernetes_persistent_volume_claim",
      "name": "registry_pvc",
      "provider": "provider[\"registry.terraform.io/hashicorp/kubernetes\"]",
      "instances": [
        {
          "schema_version": 0,
          "attributes": {
            "id": "consulta-medica/docker-registry-pvc",
            "metadata": [
              {
                "annotations": null,
                "generate_name": "",
                "generation": 0,
                "labels": null,
                "name": "docker-registry-pvc",
                "namespace": "consulta-medica",
                "resource_version": "1099",
                "uid": "a5845259-1b05-4c93-ad58-120fc5b5b754"
              }
            ],
            "spec": [
              {
                "access_modes": [
                  "ReadWriteOnce"
                ],
                "resources": [
                  {
                    "limits": null,
                    "requests": {
                      "storage": "20Gi"
                    }
                  }
                ],
                "selector": [],
                "storage_class_name": "hostpath",
                "volume_mode": "Filesystem",
                "volume_name": "pvc-a5845259-1b05-4c93-ad58-120fc5b5b754"
              }
            ],
            "timeouts": null,
            "wait_until_bound": true
          },
          "sensitive_attributes": [],
          "identity_schema_version": 0,
          "private": "eyJlMmJmYjczMC1lY2FhLTExZTYtOGY4OC0zNDM2M2JjN2M0YzAiOnsiY3JlYXRlIjozMDAwMDAwMDAwMDB9fQ==",
          "dependencies": [
            "kubernetes_namespace.consulta_medica"
          ]
        }
      ]
    },
    {
      "mode": "managed",
      "type": "kubernetes_role_binding",
      "name": "jenkins_admin",
      "provider": "provider[\"registry.terraform.io/hashicorp/kubernetes\"]",
      "instances": [
        {
          "schema_version": 0,
          "attributes": {
            "id": "consulta-medica/jenkins-admin-consulta-medica",
            "metadata": [
              {
                "annotations": null,
                "generate_name": "",
                "generation": 0,
                "labels": null,
                "name": "jenkins-admin-consulta-medica",
                "namespace": "consulta-medica",
                "resource_version": "1116",
                "uid": "c9bcacda-3025-4bee-86dd-f3c26e5263ea"
              }
            ],
            "role_ref": [
              {
                "api_group": "rbac.authorization.k8s.io",
                "kind": "ClusterRole",
                "name": "cluster-admin"
              }
            ],
            "subject": [
              {
                "api_group": "",
                "kind": "ServiceAccount",
                "name": "jenkins",
                "namespace": "consulta-medica"
              }
            ]
          },
          "sensitive_attributes": [],
          "identity_schema_version": 1,
          "identity": {
            "api_version": "rbac.authorization.k8s.io/v1",
            "kind": "RoleBinding",
            "name": "jenkins-admin-consulta-medica",
            "namespace": "consulta-medica"
          },
          "private": "bnVsbA==",
          "dependencies": [
            "kubernetes_namespace.consulta_medica",
            "kubernetes_service_account.jenkins"
          ]
        }
      ]
    },
    {
      "mode": "managed",
      "type": "kubernetes_role_binding",
      "name": "prometheus_admin",
      "provider": "provider[\"registry.terraform.io/hashicorp/kubernetes\"]",
      "instances": [
        {
          "schema_version": 0,
          "attributes": {
            "id": "consulta-medica/prometheus-admin-consulta-medica",
            "metadata": [
              {
                "annotations": null,
                "generate_name": "",
                "generation": 0,
                "labels": null,
                "name": "prometheus-admin-consulta-medica",
                "namespace": "consulta-medica",
                "resource_version": "1110",
                "uid": "3412b84d-3bf5-4653-bc8c-6c173dd94a6d"
              }
            ],
            "role_ref": [
              {
                "api_group": "rbac.authorization.k8s.io",
                "kind": "ClusterRole",
                "name": "cluster-admin"
              }
            ],
            "subject": [
              {
                "api_group": "",
                "kind": "ServiceAccount",
                "name": "default",
                "namespace": "consulta-medica"
              }
            ]
          },
          "sensitive_attributes": [],
          "identity_schema_version": 1,
          "identity": {
            "api_version": "rbac.authorization.k8s.io/v1",
            "kind": "RoleBinding",
            "name": "prometheus-admin-consulta-medica",
            "namespace": "consulta-medica"
          },
          "private": "bnVsbA==",
          "dependencies": [
            "kubernetes_namespace.consulta_medica"
          ]
        }
      ]
    },
    {
      "mode": "managed",
      "type": "kubernetes_secret",
      "name": "db_secret",
      "provider": "provider[\"registry.terraform.io/hashicorp/kubernetes\"]",
      "instances": [
        {
          "schema_version": 0,
          "attributes": {
            "binary_data": null,
            "binary_data_wo": null,
            "binary_data_wo_revision": null,
            "data": {
              "DB_PASSWORD": "TuContraseñaSegura",
              "MYSQL_PASSWORD": "TuContraseñaSegura",
              "MYSQL_ROOT_PASSWORD": "rootpassword"
            },
            "data_wo": null,
            "data_wo_revision": null,
            "id": "consulta-medica/db-secret",
            "immutable": false,
            "metadata": [
              {
                "annotations": null,
                "generate_name": "",
                "generation": 0,
                "labels": null,
                "name": "db-secret",
                "namespace": "consulta-medica",
                "resource_version": "1050",
                "uid": "732b7e20-9cd2-4774-8ccb-903184a8810c"
              }
            ],
            "timeouts": null,
            "type": "Opaque",
            "wait_for_service_account_token": true
          },
          "sensitive_attributes": [
            [
              {
                "type": "get_attr",
                "value": "binary_data"
              }
            ],
            [
              {
                "type": "get_attr",
                "value": "data"
              }
            ]
          ],
          "identity_schema_version": 1,
          "identity": {
            "api_version": "v1",
            "kind": "Secret",
            "name": "db-secret",
            "namespace": "consulta-medica"
          },
          "private": "eyJlMmJmYjczMC1lY2FhLTExZTYtOGY4OC0zNDM2M2JjN2M0YzAiOnsiY3JlYXRlIjo2MDAwMDAwMDAwMH19",
          "dependencies": [
            "kubernetes_namespace.consulta_medica"
          ]
        }
      ]
    },
    {
      "mode": "managed",
      "type": "kubernetes_service",
      "name": "app",
      "provider": "provider[\"registry.terraform.io/hashicorp/kubernetes\"]",
      "instances": [
        {
          "schema_version": 1,
          "attributes": {
            "id": "consulta-medica/consulta-medica",
            "metadata": [
              {
                "annotations": {},
                "generate_name": "",
                "generation": 0,
                "labels": {},
                "name": "consulta-medica",
                "namespace": "consulta-medica",
                "resource_version": "1090",
                "uid": "6020bddf-e96c-403e-b9a9-3a450b10f988"
              }
            ],
            "spec": [
              {
                "allocate_load_balancer_node_ports": true,
                "cluster_ip": "10.106.47.204",
                "cluster_ips": [
                  "10.106.47.204"
                ],
                "external_ips": [],
                "external_name": "",
                "external_traffic_policy": "Cluster",
                "health_check_node_port": 0,
                "internal_traffic_policy": "Cluster",
                "ip_families": [
                  "IPv4"
                ],
                "ip_family_policy": "SingleStack",
                "load_balancer_class": "",
                "load_balancer_ip": "",
                "load_balancer_source_ranges": [],
                "port": [
                  {
                    "app_protocol": "",
                    "name": "",
                    "node_port": 32656,
                    "port": 80,
                    "protocol": "TCP",
                    "target_port": "80"
                  }
                ],
                "publish_not_ready_addresses": false,
                "selector": {
                  "app": "consulta-medica"
                },
                "session_affinity": "None",
                "session_affinity_config": [],
                "type": "LoadBalancer"
              }
            ],
            "status": [
              {
                "load_balancer": [
                  {
                    "ingress": [
                      {
                        "hostname": "localhost",
                        "ip": ""
                      }
                    ]
                  }
                ]
              }
            ],
            "timeouts": null,
            "wait_for_load_balancer": false
          },
          "sensitive_attributes": [],
          "identity_schema_version": 1,
          "identity": {
            "api_version": "v1",
            "kind": "Service",
            "name": "consulta-medica",
            "namespace": "consulta-medica"
          },
          "private": "eyJlMmJmYjczMC1lY2FhLTExZTYtOGY4OC0zNDM2M2JjN2M0YzAiOnsiY3JlYXRlIjo2MDAwMDAwMDAwMDB9LCJzY2hlbWFfdmVyc2lvbiI6IjEifQ==",
          "dependencies": [
            "kubernetes_namespace.consulta_medica"
          ]
        }
      ]
    },
    {
      "mode": "managed",
      "type": "kubernetes_service",
      "name": "docker_registry",
      "provider": "provider[\"registry.terraform.io/hashicorp/kubernetes\"]",
      "instances": [
        {
          "schema_version": 1,
          "attributes": {
            "id": "consulta-medica/docker-registry",
            "metadata": [
              {
                "annotations": null,
                "generate_name": "",
                "generation": 0,
                "labels": null,
                "name": "docker-registry",
                "namespace": "consulta-medica",
                "resource_version": "7051",
                "uid": "d10d27f7-56c5-46c1-af43-961cc1869eca"
              }
            ],
            "spec": [
              {
                "allocate_load_balancer_node_ports": true,
                "cluster_ip": "10.106.231.18",
                "cluster_ips": [
                  "10.106.231.18"
                ],
                "external_ips": null,
                "external_name": "",
                "external_traffic_policy": "Cluster",
                "health_check_node_port": 0,
                "internal_traffic_policy": "Cluster",
                "ip_families": [
                  "IPv4"
                ],
                "ip_family_policy": "SingleStack",
                "load_balancer_class": "",
                "load_balancer_ip": "",
                "load_balancer_source_ranges": null,
                "port": [
                  {
                    "app_protocol": "",
                    "name": "",
                    "node_port": 32473,
                    "port": 5000,
                    "protocol": "TCP",
                    "target_port": "5000"
                  }
                ],
                "publish_not_ready_addresses": false,
                "selector": {
                  "app": "docker-registry"
                },
                "session_affinity": "None",
                "session_affinity_config": [],
                "type": "LoadBalancer"
              }
            ],
            "status": [
              {
                "load_balancer": [
                  {
                    "ingress": []
                  }
                ]
              }
            ],
            "timeouts": null,
            "wait_for_load_balancer": false
          },
          "sensitive_attributes": [],
          "identity_schema_version": 1,
          "identity": {
            "api_version": "v1",
            "kind": "Service",
            "name": "docker-registry",
            "namespace": "consulta-medica"
          },
          "private": "eyJlMmJmYjczMC1lY2FhLTExZTYtOGY4OC0zNDM2M2JjN2M0YzAiOnsiY3JlYXRlIjo2MDAwMDAwMDAwMDB9LCJzY2hlbWFfdmVyc2lvbiI6IjEifQ==",
          "dependencies": [
            "kubernetes_namespace.consulta_medica"
          ]
        }
      ]
    },
    {
      "mode": "managed",
      "type": "kubernetes_service",
      "name": "grafana",
      "provider": "provider[\"registry.terraform.io/hashicorp/kubernetes\"]",
      "instances": [
        {
          "schema_version": 1,
          "attributes": {
            "id": "consulta-medica/grafana",
            "metadata": [
              {
                "annotations": {},
                "generate_name": "",
                "generation": 0,
                "labels": {},
                "name": "grafana",
                "namespace": "consulta-medica",
                "resource_version": "1115",
                "uid": "4af11abc-dfdc-4d03-8477-67472deea031"
              }
            ],
            "spec": [
              {
                "allocate_load_balancer_node_ports": true,
                "cluster_ip": "10.96.10.102",
                "cluster_ips": [
                  "10.96.10.102"
                ],
                "external_ips": [],
                "external_name": "",
                "external_traffic_policy": "Cluster",
                "health_check_node_port": 0,
                "internal_traffic_policy": "Cluster",
                "ip_families": [
                  "IPv4"
                ],
                "ip_family_policy": "SingleStack",
                "load_balancer_class": "",
                "load_balancer_ip": "",
                "load_balancer_source_ranges": [],
                "port": [
                  {
                    "app_protocol": "",
                    "name": "",
                    "node_port": 30111,
                    "port": 3000,
                    "protocol": "TCP",
                    "target_port": "3000"
                  }
                ],
                "publish_not_ready_addresses": false,
                "selector": {
                  "app": "grafana"
                },
                "session_affinity": "None",
                "session_affinity_config": [],
                "type": "LoadBalancer"
              }
            ],
            "status": [
              {
                "load_balancer": [
                  {
                    "ingress": [
                      {
                        "hostname": "localhost",
                        "ip": ""
                      }
                    ]
                  }
                ]
              }
            ],
            "timeouts": null,
            "wait_for_load_balancer": false
          },
          "sensitive_attributes": [],
          "identity_schema_version": 1,
          "identity": {
            "api_version": "v1",
            "kind": "Service",
            "name": "grafana",
            "namespace": "consulta-medica"
          },
          "private": "eyJlMmJmYjczMC1lY2FhLTExZTYtOGY4OC0zNDM2M2JjN2M0YzAiOnsiY3JlYXRlIjo2MDAwMDAwMDAwMDB9LCJzY2hlbWFfdmVyc2lvbiI6IjEifQ==",
          "dependencies": [
            "kubernetes_namespace.consulta_medica"
          ]
        }
      ]
    },
    {
      "mode": "managed",
      "type": "kubernetes_service",
      "name": "jenkins",
      "provider": "provider[\"registry.terraform.io/hashicorp/kubernetes\"]",
      "instances": [
        {
          "schema_version": 1,
          "attributes": {
            "id": "consulta-medica/jenkins",
            "metadata": [
              {
                "annotations": {},
                "generate_name": "",
                "generation": 0,
                "labels": {},
                "name": "jenkins",
                "namespace": "consulta-medica",
                "resource_version": "1086",
                "uid": "05a15a9c-7146-4b0d-a614-692f77022a4d"
              }
            ],
            "spec": [
              {
                "allocate_load_balancer_node_ports": true,
                "cluster_ip": "10.107.171.6",
                "cluster_ips": [
                  "10.107.171.6"
                ],
                "external_ips": [],
                "external_name": "",
                "external_traffic_policy": "Cluster",
                "health_check_node_port": 0,
                "internal_traffic_policy": "Cluster",
                "ip_families": [
                  "IPv4"
                ],
                "ip_family_policy": "SingleStack",
                "load_balancer_class": "",
                "load_balancer_ip": "",
                "load_balancer_source_ranges": [],
                "port": [
                  {
                    "app_protocol": "",
                    "name": "http",
                    "node_port": 32439,
                    "port": 8080,
                    "protocol": "TCP",
                    "target_port": "8080"
                  },
                  {
                    "app_protocol": "",
                    "name": "jnlp",
                    "node_port": 30921,
                    "port": 50000,
                    "protocol": "TCP",
                    "target_port": "50000"
                  }
                ],
                "publish_not_ready_addresses": false,
                "selector": {
                  "app": "jenkins"
                },
                "session_affinity": "None",
                "session_affinity_config": [],
                "type": "LoadBalancer"
              }
            ],
            "status": [
              {
                "load_balancer": [
                  {
                    "ingress": [
                      {
                        "hostname": "localhost",
                        "ip": ""
                      }
                    ]
                  }
                ]
              }
            ],
            "timeouts": null,
            "wait_for_load_balancer": false
          },
          "sensitive_attributes": [],
          "identity_schema_version": 1,
          "identity": {
            "api_version": "v1",
            "kind": "Service",
            "name": "jenkins",
            "namespace": "consulta-medica"
          },
          "private": "eyJlMmJmYjczMC1lY2FhLTExZTYtOGY4OC0zNDM2M2JjN2M0YzAiOnsiY3JlYXRlIjo2MDAwMDAwMDAwMDB9LCJzY2hlbWFfdmVyc2lvbiI6IjEifQ==",
          "dependencies": [
            "kubernetes_namespace.consulta_medica"
          ]
        }
      ]
    },
    {
      "mode": "managed",
      "type": "kubernetes_service",
      "name": "mysql",
      "provider": "provider[\"registry.terraform.io/hashicorp/kubernetes\"]",
      "instances": [
        {
          "schema_version": 1,
          "attributes": {
            "id": "consulta-medica/mysql",
            "metadata": [
              {
                "annotations": {},
                "generate_name": "",
                "generation": 0,
                "labels": {},
                "name": "mysql",
                "namespace": "consulta-medica",
                "resource_version": "1053",
                "uid": "a8624dfb-09f3-4e48-89f2-9153cdb674d1"
              }
            ],
            "spec": [
              {
                "allocate_load_balancer_node_ports": true,
                "cluster_ip": "None",
                "cluster_ips": [
                  "None"
                ],
                "external_ips": [],
                "external_name": "",
                "external_traffic_policy": "",
                "health_check_node_port": 0,
                "internal_traffic_policy": "Cluster",
                "ip_families": [
                  "IPv4"
                ],
                "ip_family_policy": "SingleStack",
                "load_balancer_class": "",
                "load_balancer_ip": "",
                "load_balancer_source_ranges": [],
                "port": [
                  {
                    "app_protocol": "",
                    "name": "",
                    "node_port": 0,
                    "port": 3306,
                    "protocol": "TCP",
                    "target_port": "3306"
                  }
                ],
                "publish_not_ready_addresses": false,
                "selector": {
                  "app": "mysql"
                },
                "session_affinity": "None",
                "session_affinity_config": [],
                "type": "ClusterIP"
              }
            ],
            "status": [
              {
                "load_balancer": [
                  {
                    "ingress": []
                  }
                ]
              }
            ],
            "timeouts": null,
            "wait_for_load_balancer": false
          },
          "sensitive_attributes": [],
          "identity_schema_version": 1,
          "identity": {
            "api_version": "v1",
            "kind": "Service",
            "name": "mysql",
            "namespace": "consulta-medica"
          },
          "private": "eyJlMmJmYjczMC1lY2FhLTExZTYtOGY4OC0zNDM2M2JjN2M0YzAiOnsiY3JlYXRlIjo2MDAwMDAwMDAwMDB9LCJzY2hlbWFfdmVyc2lvbiI6IjEifQ==",
          "dependencies": [
            "kubernetes_namespace.consulta_medica"
          ]
        }
      ]
    },
    {
      "mode": "managed",
      "type": "kubernetes_service",
      "name": "prometheus",
      "provider": "provider[\"registry.terraform.io/hashicorp/kubernetes\"]",
      "instances": [
        {
          "schema_version": 1,
          "attributes": {
            "id": "consulta-medica/prometheus",
            "metadata": [
              {
                "annotations": {},
                "generate_name": "",
                "generation": 0,
                "labels": {},
                "name": "prometheus",
                "namespace": "consulta-medica",
                "resource_version": "1089",
                "uid": "0a893e33-1339-4e8b-bfa9-63147888ff51"
              }
            ],
            "spec": [
              {
                "allocate_load_balancer_node_ports": true,
                "cluster_ip": "10.109.253.241",
                "cluster_ips": [
                  "10.109.253.241"
                ],
                "external_ips": [],
                "external_name": "",
                "external_traffic_policy": "Cluster",
                "health_check_node_port": 0,
                "internal_traffic_policy": "Cluster",
                "ip_families": [
                  "IPv4"
                ],
                "ip_family_policy": "SingleStack",
                "load_balancer_class": "",
                "load_balancer_ip": "",
                "load_balancer_source_ranges": [],
                "port": [
                  {
                    "app_protocol": "",
                    "name": "",
                    "node_port": 30806,
                    "port": 9090,
                    "protocol": "TCP",
                    "target_port": "9090"
                  }
                ],
                "publish_not_ready_addresses": false,
                "selector": {
                  "app": "prometheus"
                },
                "session_affinity": "None",
                "session_affinity_config": [],
                "type": "LoadBalancer"
              }
            ],
            "status": [
              {
                "load_balancer": [
                  {
                    "ingress": [
                      {
                        "hostname": "localhost",
                        "ip": ""
                      }
                    ]
                  }
                ]
              }
            ],
            "timeouts": null,
            "wait_for_load_balancer": false
          },
          "sensitive_attributes": [],
          "identity_schema_version": 1,
          "identity": {
            "api_version": "v1",
            "kind": "Service",
            "name": "prometheus",
            "namespace": "consulta-medica"
          },
          "private": "eyJlMmJmYjczMC1lY2FhLTExZTYtOGY4OC0zNDM2M2JjN2M0YzAiOnsiY3JlYXRlIjo2MDAwMDAwMDAwMDB9LCJzY2hlbWFfdmVyc2lvbiI6IjEifQ==",
          "dependencies": [
            "kubernetes_namespace.consulta_medica"
          ]
        }
      ]
    },
    {
      "mode": "managed",
      "type": "kubernetes_service_account",
      "name": "jenkins",
      "provider": "provider[\"registry.terraform.io/hashicorp/kubernetes\"]",
      "instances": [
        {
          "schema_version": 0,
          "attributes": {
            "automount_service_account_token": true,
            "default_secret_name": "",
            "id": "consulta-medica/jenkins",
            "image_pull_secret": [],
            "metadata": [
              {
                "annotations": null,
                "generate_name": "",
                "generation": 0,
                "labels": null,
                "name": "jenkins",
                "namespace": "consulta-medica",
                "resource_version": "1052",
                "uid": "c6884a41-ff12-4ecf-bf2f-c9dbf4f1b3cb"
              }
            ],
            "secret": [],
            "timeouts": null
          },
          "sensitive_attributes": [],
          "identity_schema_version": 1,
          "identity": {
            "api_version": "v1",
            "kind": "ServiceAccount",
            "name": "jenkins",
            "namespace": "consulta-medica"
          },
          "private": "eyJlMmJmYjczMC1lY2FhLTExZTYtOGY4OC0zNDM2M2JjN2M0YzAiOnsiY3JlYXRlIjozMDAwMDAwMDAwMH19",
          "dependencies": [
            "kubernetes_namespace.consulta_medica"
          ]
        }
      ]
    }
  ],
  "check_results": null
}
